FORGE
  remote: https://forgeapi.puppetlabs.com
  specs:
    nanliu-staging (1.0.3)
    nodes-php (0.9.0)
      puppetlabs-apt (> 0.0.0)
      puppetlabs-inifile (> 0.0.0)
      puppetlabs-stdlib (> 0.0.0)
    puppetlabs-apache (1.5.0)
      puppetlabs-concat (< 2.0.0, >= 1.1.1)
      puppetlabs-stdlib (< 5.0.0, >= 2.4.0)
    puppetlabs-apt (2.1.0)
      puppetlabs-stdlib (< 5.0.0, >= 4.5.0)
    puppetlabs-concat (1.2.3)
      puppetlabs-stdlib (< 5.0.0, >= 3.2.0)
    puppetlabs-inifile (1.4.0)
    puppetlabs-mysql (3.4.0)
      nanliu-staging (~> 1.0)
      puppetlabs-stdlib (< 5.0.0, >= 3.2.0)
    puppetlabs-stdlib (4.6.0)

DEPENDENCIES
  nodes-php (>= 0)
  puppetlabs-apache (>= 0)
  puppetlabs-mysql (>= 0)

